
Microsoft Visual Studio Solution File, Format Version 12.00
Project("{FAE04EC0-301F-11D3-BF4B-00C04F79EFBC}") = "Sakura", "Sakura\Sakura.csproj", "{3A359E99-2E03-4C16-A46D-3BABC5A0FE1D}"
EndProject
Project("{FAE04EC0-301F-11D3-BF4B-00C04F79EFBC}") = "Sakura.Tests", "Sakura.Tests\Sakura.Tests.csproj", "{FDE7E025-B9EF-442D-AD1C-1F472D5842F0}"
EndProject
Project("{2150E333-8FDC-42A3-9474-1A3956D46DE8}") = "src", "src", "{0F387ED0-C467-4EE0-9D80-1658E0E7FD52}"
EndProject
Project("{2150E333-8FDC-42A3-9474-1A3956D46DE8}") = "tests", "tests", "{1E2A86B9-512A-4E4D-88E4-AA6E8B0D5C40}"
EndProject
Project("{FAE04EC0-301F-11D3-BF4B-00C04F79EFBC}") = "TrenchCats.Interactions", "TrenchCats.Interactions\TrenchCats.Interactions.csproj", "{9D831F2C-2EC0-4FD4-9B44-0C9DBF9ADCF5}"
EndProject
Project("{FAE04EC0-301F-11D3-BF4B-00C04F79EFBC}") = "TrenchCats.Combat", "TrenchCats.Combat\TrenchCats.Combat.csproj", "{7D482D21-7AEB-4EFF-9A0D-845F041C06D5}"
EndProject
Project("{FAE04EC0-301F-11D3-BF4B-00C04F79EFBC}") = "TrenchCats.Status", "TrenchCats.Status\TrenchCats.Status.csproj", "{55142A45-47AE-4AC2-A2F3-429BCFBA4849}"
EndProject
Project("{2150E333-8FDC-42A3-9474-1A3956D46DE8}") = "TrenchCats", "TrenchCats", "{FBF29685-C891-4CEE-AFD0-5D385895C366}"
EndProject
Project("{FAE04EC0-301F-11D3-BF4B-00C04F79EFBC}") = "TrenchCats.Grid", "TrenchCats.Grid\TrenchCats.Grid.csproj", "{976979B0-EE73-486B-A60C-30B6FCCFFE1A}"
EndProject
Project("{FAE04EC0-301F-11D3-BF4B-00C04F79EFBC}") = "TrenchCats.Pathfinding", "TrenchCats.Pathfinding\TrenchCats.Pathfinding.csproj", "{5A9E8E50-A1E2-46A2-8A1D-E592EA3BD136}"
EndProject
Project("{FAE04EC0-301F-11D3-BF4B-00C04F79EFBC}") = "TrenchCats.Functional", "TrenchCats.Functional\TrenchCats.Functional.csproj", "{2E353EDF-3FF2-4400-846D-1466CDA68BDE}"
EndProject
Project("{FAE04EC0-301F-11D3-BF4B-00C04F79EFBC}") = "TrenchCats.Items", "TrenchCats.Items\TrenchCats.Items.csproj", "{D2E3B7FA-B1B7-4900-82B1-6BD3547037DC}"
EndProject
Project("{FAE04EC0-301F-11D3-BF4B-00C04F79EFBC}") = "TrenchCats.Random", "TrenchCats.Random\TrenchCats.Random.csproj", "{6AE2A6A9-A2A0-4326-924F-86E3A91AEDE2}"
EndProject
Project("{FAE04EC0-301F-11D3-BF4B-00C04F79EFBC}") = "TrenchCats.Core", "TrenchCats.Core\TrenchCats.Core.csproj", "{913E6626-0820-4F70-9760-8CFB87BEECD5}"
EndProject
Global
	GlobalSection(SolutionConfigurationPlatforms) = preSolution
		Debug|Any CPU = Debug|Any CPU
		Release|Any CPU = Release|Any CPU
	EndGlobalSection
	GlobalSection(ProjectConfigurationPlatforms) = postSolution
		{3A359E99-2E03-4C16-A46D-3BABC5A0FE1D}.Debug|Any CPU.ActiveCfg = Debug|Any CPU
		{3A359E99-2E03-4C16-A46D-3BABC5A0FE1D}.Debug|Any CPU.Build.0 = Debug|Any CPU
		{3A359E99-2E03-4C16-A46D-3BABC5A0FE1D}.Release|Any CPU.ActiveCfg = Release|Any CPU
		{3A359E99-2E03-4C16-A46D-3BABC5A0FE1D}.Release|Any CPU.Build.0 = Release|Any CPU
		{FDE7E025-B9EF-442D-AD1C-1F472D5842F0}.Debug|Any CPU.ActiveCfg = Debug|Any CPU
		{FDE7E025-B9EF-442D-AD1C-1F472D5842F0}.Debug|Any CPU.Build.0 = Debug|Any CPU
		{FDE7E025-B9EF-442D-AD1C-1F472D5842F0}.Release|Any CPU.ActiveCfg = Release|Any CPU
		{FDE7E025-B9EF-442D-AD1C-1F472D5842F0}.Release|Any CPU.Build.0 = Release|Any CPU
		{9D831F2C-2EC0-4FD4-9B44-0C9DBF9ADCF5}.Debug|Any CPU.ActiveCfg = Debug|Any CPU
		{9D831F2C-2EC0-4FD4-9B44-0C9DBF9ADCF5}.Debug|Any CPU.Build.0 = Debug|Any CPU
		{9D831F2C-2EC0-4FD4-9B44-0C9DBF9ADCF5}.Release|Any CPU.ActiveCfg = Release|Any CPU
		{9D831F2C-2EC0-4FD4-9B44-0C9DBF9ADCF5}.Release|Any CPU.Build.0 = Release|Any CPU
		{7D482D21-7AEB-4EFF-9A0D-845F041C06D5}.Debug|Any CPU.ActiveCfg = Debug|Any CPU
		{7D482D21-7AEB-4EFF-9A0D-845F041C06D5}.Debug|Any CPU.Build.0 = Debug|Any CPU
		{7D482D21-7AEB-4EFF-9A0D-845F041C06D5}.Release|Any CPU.ActiveCfg = Release|Any CPU
		{7D482D21-7AEB-4EFF-9A0D-845F041C06D5}.Release|Any CPU.Build.0 = Release|Any CPU
		{55142A45-47AE-4AC2-A2F3-429BCFBA4849}.Debug|Any CPU.ActiveCfg = Debug|Any CPU
		{55142A45-47AE-4AC2-A2F3-429BCFBA4849}.Debug|Any CPU.Build.0 = Debug|Any CPU
		{55142A45-47AE-4AC2-A2F3-429BCFBA4849}.Release|Any CPU.ActiveCfg = Release|Any CPU
		{55142A45-47AE-4AC2-A2F3-429BCFBA4849}.Release|Any CPU.Build.0 = Release|Any CPU
		{976979B0-EE73-486B-A60C-30B6FCCFFE1A}.Debug|Any CPU.ActiveCfg = Debug|Any CPU
		{976979B0-EE73-486B-A60C-30B6FCCFFE1A}.Debug|Any CPU.Build.0 = Debug|Any CPU
		{976979B0-EE73-486B-A60C-30B6FCCFFE1A}.Release|Any CPU.ActiveCfg = Release|Any CPU
		{976979B0-EE73-486B-A60C-30B6FCCFFE1A}.Release|Any CPU.Build.0 = Release|Any CPU
		{5A9E8E50-A1E2-46A2-8A1D-E592EA3BD136}.Debug|Any CPU.ActiveCfg = Debug|Any CPU
		{5A9E8E50-A1E2-46A2-8A1D-E592EA3BD136}.Debug|Any CPU.Build.0 = Debug|Any CPU
		{5A9E8E50-A1E2-46A2-8A1D-E592EA3BD136}.Release|Any CPU.ActiveCfg = Release|Any CPU
		{5A9E8E50-A1E2-46A2-8A1D-E592EA3BD136}.Release|Any CPU.Build.0 = Release|Any CPU
		{2E353EDF-3FF2-4400-846D-1466CDA68BDE}.Debug|Any CPU.ActiveCfg = Debug|Any CPU
		{2E353EDF-3FF2-4400-846D-1466CDA68BDE}.Debug|Any CPU.Build.0 = Debug|Any CPU
		{2E353EDF-3FF2-4400-846D-1466CDA68BDE}.Release|Any CPU.ActiveCfg = Release|Any CPU
		{2E353EDF-3FF2-4400-846D-1466CDA68BDE}.Release|Any CPU.Build.0 = Release|Any CPU
		{D2E3B7FA-B1B7-4900-82B1-6BD3547037DC}.Debug|Any CPU.ActiveCfg = Debug|Any CPU
		{D2E3B7FA-B1B7-4900-82B1-6BD3547037DC}.Debug|Any CPU.Build.0 = Debug|Any CPU
		{D2E3B7FA-B1B7-4900-82B1-6BD3547037DC}.Release|Any CPU.ActiveCfg = Release|Any CPU
		{D2E3B7FA-B1B7-4900-82B1-6BD3547037DC}.Release|Any CPU.Build.0 = Release|Any CPU
		{6AE2A6A9-A2A0-4326-924F-86E3A91AEDE2}.Debug|Any CPU.ActiveCfg = Debug|Any CPU
		{6AE2A6A9-A2A0-4326-924F-86E3A91AEDE2}.Debug|Any CPU.Build.0 = Debug|Any CPU
		{6AE2A6A9-A2A0-4326-924F-86E3A91AEDE2}.Release|Any CPU.ActiveCfg = Release|Any CPU
		{6AE2A6A9-A2A0-4326-924F-86E3A91AEDE2}.Release|Any CPU.Build.0 = Release|Any CPU
		{913E6626-0820-4F70-9760-8CFB87BEECD5}.Debug|Any CPU.ActiveCfg = Debug|Any CPU
		{913E6626-0820-4F70-9760-8CFB87BEECD5}.Debug|Any CPU.Build.0 = Debug|Any CPU
		{913E6626-0820-4F70-9760-8CFB87BEECD5}.Release|Any CPU.ActiveCfg = Release|Any CPU
		{913E6626-0820-4F70-9760-8CFB87BEECD5}.Release|Any CPU.Build.0 = Release|Any CPU
	EndGlobalSection
	GlobalSection(NestedProjects) = preSolution
		{3A359E99-2E03-4C16-A46D-3BABC5A0FE1D} = {0F387ED0-C467-4EE0-9D80-1658E0E7FD52}
		{FDE7E025-B9EF-442D-AD1C-1F472D5842F0} = {1E2A86B9-512A-4E4D-88E4-AA6E8B0D5C40}
		{7D482D21-7AEB-4EFF-9A0D-845F041C06D5} = {FBF29685-C891-4CEE-AFD0-5D385895C366}
		{9D831F2C-2EC0-4FD4-9B44-0C9DBF9ADCF5} = {FBF29685-C891-4CEE-AFD0-5D385895C366}
		{55142A45-47AE-4AC2-A2F3-429BCFBA4849} = {FBF29685-C891-4CEE-AFD0-5D385895C366}
		{FBF29685-C891-4CEE-AFD0-5D385895C366} = {0F387ED0-C467-4EE0-9D80-1658E0E7FD52}
		{976979B0-EE73-486B-A60C-30B6FCCFFE1A} = {FBF29685-C891-4CEE-AFD0-5D385895C366}
		{5A9E8E50-A1E2-46A2-8A1D-E592EA3BD136} = {FBF29685-C891-4CEE-AFD0-5D385895C366}
		{2E353EDF-3FF2-4400-846D-1466CDA68BDE} = {FBF29685-C891-4CEE-AFD0-5D385895C366}
		{D2E3B7FA-B1B7-4900-82B1-6BD3547037DC} = {FBF29685-C891-4CEE-AFD0-5D385895C366}
		{6AE2A6A9-A2A0-4326-924F-86E3A91AEDE2} = {FBF29685-C891-4CEE-AFD0-5D385895C366}
		{913E6626-0820-4F70-9760-8CFB87BEECD5} = {FBF29685-C891-4CEE-AFD0-5D385895C366}
	EndGlobalSection
EndGlobal
