
Microsoft Visual Studio Solution File, Format Version 12.00
Project("{FAE04EC0-301F-11D3-BF4B-00C04F79EFBC}") = "Sakura", "Sakura\Sakura.csproj", "{3A359E99-2E03-4C16-A46D-3BABC5A0FE1D}"
EndProject
Project("{FAE04EC0-301F-11D3-BF4B-00C04F79EFBC}") = "Sakura.Tests", "Sakura.Tests\Sakura.Tests.csproj", "{FDE7E025-B9EF-442D-AD1C-1F472D5842F0}"
EndProject
Global
	GlobalSection(SolutionConfigurationPlatforms) = preSolution
		Debug|Any CPU = Debug|Any CPU
		Release|Any CPU = Release|Any CPU
	EndGlobalSection
	GlobalSection(ProjectConfigurationPlatforms) = postSolution
		{3A359E99-2E03-4C16-A46D-3BABC5A0FE1D}.Debug|Any CPU.ActiveCfg = Debug|Any CPU
		{3A359E99-2E03-4C16-A46D-3BABC5A0FE1D}.Debug|Any CPU.Build.0 = Debug|Any CPU
		{3A359E99-2E03-4C16-A46D-3BABC5A0FE1D}.Release|Any CPU.ActiveCfg = Release|Any CPU
		{3A359E99-2E03-4C16-A46D-3BABC5A0FE1D}.Release|Any CPU.Build.0 = Release|Any CPU
		{FDE7E025-B9EF-442D-AD1C-1F472D5842F0}.Debug|Any CPU.ActiveCfg = Debug|Any CPU
		{FDE7E025-B9EF-442D-AD1C-1F472D5842F0}.Debug|Any CPU.Build.0 = Debug|Any CPU
		{FDE7E025-B9EF-442D-AD1C-1F472D5842F0}.Release|Any CPU.ActiveCfg = Release|Any CPU
		{FDE7E025-B9EF-442D-AD1C-1F472D5842F0}.Release|Any CPU.Build.0 = Release|Any CPU
	EndGlobalSection
EndGlobal
