
Microsoft Visual Studio Solution File, Format Version 12.00
Project("{FAE04EC0-301F-11D3-BF4B-00C04F79EFBC}") = "Sakura", "Sakura\Sakura.csproj", "{3A359E99-2E03-4C16-A46D-3BABC5A0FE1D}"
EndProject
Project("{FAE04EC0-301F-11D3-BF4B-00C04F79EFBC}") = "Sakura.Tests", "Sakura.Tests\Sakura.Tests.csproj", "{FDE7E025-B9EF-442D-AD1C-1F472D5842F0}"
EndProject
Project("{2150E333-8FDC-42A3-9474-1A3956D46DE8}") = "src", "src", "{0F387ED0-C467-4EE0-9D80-1658E0E7FD52}"
EndProject
Project("{2150E333-8FDC-42A3-9474-1A3956D46DE8}") = "tests", "tests", "{1E2A86B9-512A-4E4D-88E4-AA6E8B0D5C40}"
EndProject
Project("{FAE04EC0-301F-11D3-BF4B-00C04F79EFBC}") = "TrenchCats.Interactions", "TrenchCats.Interactions\TrenchCats.Interactions.csproj", "{9D831F2C-2EC0-4FD4-9B44-0C9DBF9ADCF5}"
EndProject
Project("{FAE04EC0-301F-11D3-BF4B-00C04F79EFBC}") = "TrenchCats.Interactions.Tests", "TrenchCats.Interactions.Tests\TrenchCats.Interactions.Tests.csproj", "{05BBA9F2-FAB3-4608-A023-5793779C3264}"
EndProject
Project("{FAE04EC0-301F-11D3-BF4B-00C04F79EFBC}") = "TrenchCats.Combat", "TrenchCats.Combat\TrenchCats.Combat.csproj", "{7D482D21-7AEB-4EFF-9A0D-845F041C06D5}"
EndProject
Global
	GlobalSection(SolutionConfigurationPlatforms) = preSolution
		Debug|Any CPU = Debug|Any CPU
		Release|Any CPU = Release|Any CPU
	EndGlobalSection
	GlobalSection(ProjectConfigurationPlatforms) = postSolution
		{3A359E99-2E03-4C16-A46D-3BABC5A0FE1D}.Debug|Any CPU.ActiveCfg = Debug|Any CPU
		{3A359E99-2E03-4C16-A46D-3BABC5A0FE1D}.Debug|Any CPU.Build.0 = Debug|Any CPU
		{3A359E99-2E03-4C16-A46D-3BABC5A0FE1D}.Release|Any CPU.ActiveCfg = Release|Any CPU
		{3A359E99-2E03-4C16-A46D-3BABC5A0FE1D}.Release|Any CPU.Build.0 = Release|Any CPU
		{FDE7E025-B9EF-442D-AD1C-1F472D5842F0}.Debug|Any CPU.ActiveCfg = Debug|Any CPU
		{FDE7E025-B9EF-442D-AD1C-1F472D5842F0}.Debug|Any CPU.Build.0 = Debug|Any CPU
		{FDE7E025-B9EF-442D-AD1C-1F472D5842F0}.Release|Any CPU.ActiveCfg = Release|Any CPU
		{FDE7E025-B9EF-442D-AD1C-1F472D5842F0}.Release|Any CPU.Build.0 = Release|Any CPU
		{9D831F2C-2EC0-4FD4-9B44-0C9DBF9ADCF5}.Debug|Any CPU.ActiveCfg = Debug|Any CPU
		{9D831F2C-2EC0-4FD4-9B44-0C9DBF9ADCF5}.Debug|Any CPU.Build.0 = Debug|Any CPU
		{9D831F2C-2EC0-4FD4-9B44-0C9DBF9ADCF5}.Release|Any CPU.ActiveCfg = Release|Any CPU
		{9D831F2C-2EC0-4FD4-9B44-0C9DBF9ADCF5}.Release|Any CPU.Build.0 = Release|Any CPU
		{05BBA9F2-FAB3-4608-A023-5793779C3264}.Debug|Any CPU.ActiveCfg = Debug|Any CPU
		{05BBA9F2-FAB3-4608-A023-5793779C3264}.Debug|Any CPU.Build.0 = Debug|Any CPU
		{05BBA9F2-FAB3-4608-A023-5793779C3264}.Release|Any CPU.ActiveCfg = Release|Any CPU
		{05BBA9F2-FAB3-4608-A023-5793779C3264}.Release|Any CPU.Build.0 = Release|Any CPU
		{7D482D21-7AEB-4EFF-9A0D-845F041C06D5}.Debug|Any CPU.ActiveCfg = Debug|Any CPU
		{7D482D21-7AEB-4EFF-9A0D-845F041C06D5}.Debug|Any CPU.Build.0 = Debug|Any CPU
		{7D482D21-7AEB-4EFF-9A0D-845F041C06D5}.Release|Any CPU.ActiveCfg = Release|Any CPU
		{7D482D21-7AEB-4EFF-9A0D-845F041C06D5}.Release|Any CPU.Build.0 = Release|Any CPU
	EndGlobalSection
	GlobalSection(NestedProjects) = preSolution
		{3A359E99-2E03-4C16-A46D-3BABC5A0FE1D} = {0F387ED0-C467-4EE0-9D80-1658E0E7FD52}
		{FDE7E025-B9EF-442D-AD1C-1F472D5842F0} = {1E2A86B9-512A-4E4D-88E4-AA6E8B0D5C40}
		{9D831F2C-2EC0-4FD4-9B44-0C9DBF9ADCF5} = {0F387ED0-C467-4EE0-9D80-1658E0E7FD52}
		{05BBA9F2-FAB3-4608-A023-5793779C3264} = {1E2A86B9-512A-4E4D-88E4-AA6E8B0D5C40}
		{7D482D21-7AEB-4EFF-9A0D-845F041C06D5} = {0F387ED0-C467-4EE0-9D80-1658E0E7FD52}
	EndGlobalSection
EndGlobal
